
Microsoft Visual Studio Solution File, Format Version 12.00
# Visual Studio Version 16
VisualStudioVersion = 16.0.30804.86
MinimumVisualStudioVersion = 10.0.40219.1
Project("{8BC9CEB8-8B4A-11D0-8D11-00A0C91BC942}") = "PRayTracer", "PRayTracer\PRayTracer.vcxproj", "{486E8377-4ED1-4ED6-BEED-699E19781355}"
EndProject
Global
	GlobalSection(SolutionConfigurationPlatforms) = preSolution
		Debug|x64 = Debug|x64
		Release|x64 = Release|x64
	EndGlobalSection
	GlobalSection(ProjectConfigurationPlatforms) = postSolution
		{486E8377-4ED1-4ED6-BEED-699E19781355}.Debug|x64.ActiveCfg = Debug|x64
		{486E8377-4ED1-4ED6-BEED-699E19781355}.Debug|x64.Build.0 = Debug|x64
		{486E8377-4ED1-4ED6-BEED-699E19781355}.Release|x64.ActiveCfg = Release|x64
		{486E8377-4ED1-4ED6-BEED-699E19781355}.Release|x64.Build.0 = Release|x64
	EndGlobalSection
	GlobalSection(SolutionProperties) = preSolution
		HideSolutionNode = FALSE
	EndGlobalSection
	GlobalSection(ExtensibilityGlobals) = postSolution
		SolutionGuid = {2877C9BB-C0C9-48E3-98A7-14DB95A1E53A}
	EndGlobalSection
EndGlobal
